
Microsoft Visual Studio Solution File, Format Version 12.00
# Visual Studio Version 17
VisualStudioVersion = 17.1.32319.34
MinimumVisualStudioVersion = 10.0.40219.1
Project("{FAE04EC0-301F-11D3-BF4B-00C04F79EFBC}") = "P01WstepLINQ", "P01WstepLINQ\P01WstepLINQ.csproj", "{E09CB929-0E20-4227-874F-4F02A95F5FB3}"
EndProject
Project("{FAE04EC0-301F-11D3-BF4B-00C04F79EFBC}") = "P02WstepORM", "P02WstepORM\P02WstepORM.csproj", "{7E2AAA1C-ED7B-4DAB-882D-138FE3C3EF10}"
EndProject
Project("{FAE04EC0-301F-11D3-BF4B-00C04F79EFBC}") = "P03OperacjeEdycjiIDodawaniaRekordow", "P03OperacjeEdycjiIDodawaniaRekordow\P03OperacjeEdycjiIDodawaniaRekordow.csproj", "{1C5AD369-6AD1-415C-96AD-6080ED247A73}"
EndProject
Project("{FAE04EC0-301F-11D3-BF4B-00C04F79EFBC}") = "P04AplikacjaZawodnicy", "P04AplikacjaZawodnicy\P04AplikacjaZawodnicy.csproj", "{E47FFAD2-DCCA-4F14-BC1B-4E0606DDC83B}"
EndProject
Project("{FAE04EC0-301F-11D3-BF4B-00C04F79EFBC}") = "P05AplikacjaZawodnicy", "P05AplikacjaZawodnicy\P05AplikacjaZawodnicy.csproj", "{53C60172-7C36-43EC-9A02-136AA8F5D542}"
EndProject
Global
	GlobalSection(SolutionConfigurationPlatforms) = preSolution
		Debug|Any CPU = Debug|Any CPU
		Release|Any CPU = Release|Any CPU
	EndGlobalSection
	GlobalSection(ProjectConfigurationPlatforms) = postSolution
		{E09CB929-0E20-4227-874F-4F02A95F5FB3}.Debug|Any CPU.ActiveCfg = Debug|Any CPU
		{E09CB929-0E20-4227-874F-4F02A95F5FB3}.Debug|Any CPU.Build.0 = Debug|Any CPU
		{E09CB929-0E20-4227-874F-4F02A95F5FB3}.Release|Any CPU.ActiveCfg = Release|Any CPU
		{E09CB929-0E20-4227-874F-4F02A95F5FB3}.Release|Any CPU.Build.0 = Release|Any CPU
		{7E2AAA1C-ED7B-4DAB-882D-138FE3C3EF10}.Debug|Any CPU.ActiveCfg = Debug|Any CPU
		{7E2AAA1C-ED7B-4DAB-882D-138FE3C3EF10}.Debug|Any CPU.Build.0 = Debug|Any CPU
		{7E2AAA1C-ED7B-4DAB-882D-138FE3C3EF10}.Release|Any CPU.ActiveCfg = Release|Any CPU
		{7E2AAA1C-ED7B-4DAB-882D-138FE3C3EF10}.Release|Any CPU.Build.0 = Release|Any CPU
		{1C5AD369-6AD1-415C-96AD-6080ED247A73}.Debug|Any CPU.ActiveCfg = Debug|Any CPU
		{1C5AD369-6AD1-415C-96AD-6080ED247A73}.Debug|Any CPU.Build.0 = Debug|Any CPU
		{1C5AD369-6AD1-415C-96AD-6080ED247A73}.Release|Any CPU.ActiveCfg = Release|Any CPU
		{1C5AD369-6AD1-415C-96AD-6080ED247A73}.Release|Any CPU.Build.0 = Release|Any CPU
		{E47FFAD2-DCCA-4F14-BC1B-4E0606DDC83B}.Debug|Any CPU.ActiveCfg = Debug|Any CPU
		{E47FFAD2-DCCA-4F14-BC1B-4E0606DDC83B}.Debug|Any CPU.Build.0 = Debug|Any CPU
		{E47FFAD2-DCCA-4F14-BC1B-4E0606DDC83B}.Release|Any CPU.ActiveCfg = Release|Any CPU
		{E47FFAD2-DCCA-4F14-BC1B-4E0606DDC83B}.Release|Any CPU.Build.0 = Release|Any CPU
		{53C60172-7C36-43EC-9A02-136AA8F5D542}.Debug|Any CPU.ActiveCfg = Debug|Any CPU
		{53C60172-7C36-43EC-9A02-136AA8F5D542}.Debug|Any CPU.Build.0 = Debug|Any CPU
		{53C60172-7C36-43EC-9A02-136AA8F5D542}.Release|Any CPU.ActiveCfg = Release|Any CPU
		{53C60172-7C36-43EC-9A02-136AA8F5D542}.Release|Any CPU.Build.0 = Release|Any CPU
	EndGlobalSection
	GlobalSection(SolutionProperties) = preSolution
		HideSolutionNode = FALSE
	EndGlobalSection
	GlobalSection(ExtensibilityGlobals) = postSolution
		SolutionGuid = {B405AD24-5275-483C-A78E-D4A8646CAB44}
	EndGlobalSection
EndGlobal
